
Microsoft Visual Studio Solution File, Format Version 12.00
# Visual Studio Version 17
VisualStudioVersion = 17.9.34622.214
MinimumVisualStudioVersion = 10.0.40219.1
Project("{FAE04EC0-301F-11D3-BF4B-00C04F79EFBC}") = "Semana07", "Semana07\Semana07.csproj", "{AC81CE06-DFC7-448E-B568-3A06DBD237CF}"
EndProject
Project("{FAE04EC0-301F-11D3-BF4B-00C04F79EFBC}") = "Data", "Data\Data.csproj", "{80526ECF-91AF-48C2-9C9D-71F02AFDCF3A}"
EndProject
Project("{FAE04EC0-301F-11D3-BF4B-00C04F79EFBC}") = "Business", "Business\Business.csproj", "{BF9BBBBC-8747-4215-92C9-4588B694E9A5}"
EndProject
Project("{FAE04EC0-301F-11D3-BF4B-00C04F79EFBC}") = "Entity", "Entity\Entity.csproj", "{AF3D4067-E7E5-4BF6-BB59-1C8A724B4836}"
EndProject
Global
	GlobalSection(SolutionConfigurationPlatforms) = preSolution
		Debug|Any CPU = Debug|Any CPU
		Release|Any CPU = Release|Any CPU
	EndGlobalSection
	GlobalSection(ProjectConfigurationPlatforms) = postSolution
		{AC81CE06-DFC7-448E-B568-3A06DBD237CF}.Debug|Any CPU.ActiveCfg = Debug|Any CPU
		{AC81CE06-DFC7-448E-B568-3A06DBD237CF}.Debug|Any CPU.Build.0 = Debug|Any CPU
		{AC81CE06-DFC7-448E-B568-3A06DBD237CF}.Release|Any CPU.ActiveCfg = Release|Any CPU
		{AC81CE06-DFC7-448E-B568-3A06DBD237CF}.Release|Any CPU.Build.0 = Release|Any CPU
		{80526ECF-91AF-48C2-9C9D-71F02AFDCF3A}.Debug|Any CPU.ActiveCfg = Debug|Any CPU
		{80526ECF-91AF-48C2-9C9D-71F02AFDCF3A}.Debug|Any CPU.Build.0 = Debug|Any CPU
		{80526ECF-91AF-48C2-9C9D-71F02AFDCF3A}.Release|Any CPU.ActiveCfg = Release|Any CPU
		{80526ECF-91AF-48C2-9C9D-71F02AFDCF3A}.Release|Any CPU.Build.0 = Release|Any CPU
		{BF9BBBBC-8747-4215-92C9-4588B694E9A5}.Debug|Any CPU.ActiveCfg = Debug|Any CPU
		{BF9BBBBC-8747-4215-92C9-4588B694E9A5}.Debug|Any CPU.Build.0 = Debug|Any CPU
		{BF9BBBBC-8747-4215-92C9-4588B694E9A5}.Release|Any CPU.ActiveCfg = Release|Any CPU
		{BF9BBBBC-8747-4215-92C9-4588B694E9A5}.Release|Any CPU.Build.0 = Release|Any CPU
		{AF3D4067-E7E5-4BF6-BB59-1C8A724B4836}.Debug|Any CPU.ActiveCfg = Debug|Any CPU
		{AF3D4067-E7E5-4BF6-BB59-1C8A724B4836}.Debug|Any CPU.Build.0 = Debug|Any CPU
		{AF3D4067-E7E5-4BF6-BB59-1C8A724B4836}.Release|Any CPU.ActiveCfg = Release|Any CPU
		{AF3D4067-E7E5-4BF6-BB59-1C8A724B4836}.Release|Any CPU.Build.0 = Release|Any CPU
	EndGlobalSection
	GlobalSection(SolutionProperties) = preSolution
		HideSolutionNode = FALSE
	EndGlobalSection
	GlobalSection(ExtensibilityGlobals) = postSolution
		SolutionGuid = {C6F0F5BF-4EC6-447A-819A-4346BF12A65F}
	EndGlobalSection
EndGlobal
